# Tests pass with these versions 2024-02-03
boto3==1.34.34; python_version >= '3.8'
botocore==1.34.34; python_version >= '3.8'
certifi==2024.2.2; python_version >= '3.8'
cffi==1.16.0; python_version >= '3.8'
charset-normalizer==3.3.2; python_version >= '3.8'
cryptography==42.0.2; python_version >= '3.8'
hjson==3.1.0; python_version >= '3.8'
idna==3.6; python_version >= '3.8'
Jinja2==3.1.3; python_version >= '3.8'
jmespath==1.0.1; python_version >= '3.8'
MarkupSafe==2.1.5; python_version >= '3.8'
mo-collections==5.522.24033; python_version >= '3.8'
mo-dots==9.527.24034; python_version >= '3.8'
mo-files==6.527.24034; python_version >= '3.8'
mo-future==7.520.24032; python_version >= '3.8'
mo-imports==7.527.24034; python_version >= '3.8'
mo-json==6.527.24034; python_version >= '3.8'
mo-kwargs==7.527.24034; python_version >= '3.8'
mo-logs==8.527.24034; python_version >= '3.8'
mo-math==7.527.24034; python_version >= '3.8'
mo-testing==7.523.24033; python_version >= '3.8'
mo-threads==6.522.24033; python_version >= '3.8'
mo-times==5.527.24034; python_version >= '3.8'
moto==4.2.14; python_version >= '3.8'
numpy==1.24.4; python_version >= '3.8'
pandas==2.0.3; python_version >= '3.8'
pycparser==2.21; python_version >= '3.8'
python-dateutil==2.8.2; python_version >= '3.8'
pytz==2024.1; python_version >= '3.8'
PyYAML==6.0.1; python_version >= '3.8'
requests==2.31.0; python_version >= '3.8'
responses==0.24.1; python_version >= '3.8'
s3transfer==0.10.0; python_version >= '3.8'
six==1.16.0; python_version >= '3.8'
tzdata==2023.4; python_version >= '3.8'
urllib3==1.26.18; python_version >= '3.8'
Werkzeug==3.0.1; python_version >= '3.8'
xmltodict==0.13.0; python_version >= '3.8'
zstandard==0.22.0; python_version >= '3.8'