# Tests pass with these versions 2024-05-04
# pip install --no-deps -r tests/requirements.lock
boto3==1.34.98
botocore==1.34.98
certifi==2024.2.2
cffi==1.16.0
charset-normalizer==3.3.2
cryptography==42.0.2
hjson==3.1.0
idna==3.6
Jinja2==3.1.3
jmespath==1.0.1
MarkupSafe==2.1.5
mo-collections==5.608.24119
mo-dots==10.615.24125
mo-files==6.619.24125
mo-future==7.584.24095
mo-imports==7.584.24095
mo-json==6.619.24125
mo-kwargs==7.615.24125
mo-logs==8.618.24125
mo-math==7.616.24125
mo-testing==8.610.24119
mo-threads==6.610.24119
mo-times==5.619.24125
moto==4.2.14
numpy  # 1.24.4 version locking causes:  No module named 'distutils'
pandas  # 2.0.3 version locking causes:  Could not build wheels for pandas
pycparser==2.21
python-dateutil==2.8.2
pytz==2024.1
PyYAML==6.0.1
requests==2.31.0
responses==0.24.1
s3transfer==0.10.0
six==1.16.0
tzdata==2023.4
urllib3==1.26.18
Werkzeug==3.0.1
xmltodict==0.13.0
zstandard==0.22.0